
Microsoft Visual Studio Solution File, Format Version 12.00
# Visual Studio 15
VisualStudioVersion = 15.0.28010.2003
MinimumVisualStudioVersion = 10.0.40219.1
Project("{8BC9CEB8-8B4A-11D0-8D11-00A0C91BC942}") = "CompleteMe_CPP", "CompleteMe_CPP\CompleteMe_CPP.vcxproj", "{FB40D2F3-E3F2-4863-9F81-EE6931BD6247}"
EndProject
Global
	GlobalSection(SolutionConfigurationPlatforms) = preSolution
		Debug|x64 = Debug|x64
		Debug|x86 = Debug|x86
		Release|x64 = Release|x64
		Release|x86 = Release|x86
	EndGlobalSection
	GlobalSection(ProjectConfigurationPlatforms) = postSolution
		{FB40D2F3-E3F2-4863-9F81-EE6931BD6247}.Debug|x64.ActiveCfg = Debug|x64
		{FB40D2F3-E3F2-4863-9F81-EE6931BD6247}.Debug|x64.Build.0 = Debug|x64
		{FB40D2F3-E3F2-4863-9F81-EE6931BD6247}.Debug|x86.ActiveCfg = Debug|Win32
		{FB40D2F3-E3F2-4863-9F81-EE6931BD6247}.Debug|x86.Build.0 = Debug|Win32
		{FB40D2F3-E3F2-4863-9F81-EE6931BD6247}.Release|x64.ActiveCfg = Release|x64
		{FB40D2F3-E3F2-4863-9F81-EE6931BD6247}.Release|x64.Build.0 = Release|x64
		{FB40D2F3-E3F2-4863-9F81-EE6931BD6247}.Release|x86.ActiveCfg = Release|Win32
		{FB40D2F3-E3F2-4863-9F81-EE6931BD6247}.Release|x86.Build.0 = Release|Win32
	EndGlobalSection
	GlobalSection(SolutionProperties) = preSolution
		HideSolutionNode = FALSE
	EndGlobalSection
	GlobalSection(ExtensibilityGlobals) = postSolution
		SolutionGuid = {9B8679C6-193E-436D-A89C-FE3CAF486073}
	EndGlobalSection
EndGlobal
